
Microsoft Visual Studio Solution File, Format Version 12.00
# Visual Studio Version 16
VisualStudioVersion = 16.0.31624.102
MinimumVisualStudioVersion = 10.0.40219.1
Project("{FAE04EC0-301F-11D3-BF4B-00C04F79EFBC}") = "GUI TicTacToe", "GUI TicTacToe\GUI TicTacToe.csproj", "{47BE08CC-09E9-4D85-8B52-648F3457F708}"
EndProject
Global
	GlobalSection(SolutionConfigurationPlatforms) = preSolution
		Debug|Any CPU = Debug|Any CPU
		Release|Any CPU = Release|Any CPU
	EndGlobalSection
	GlobalSection(ProjectConfigurationPlatforms) = postSolution
		{47BE08CC-09E9-4D85-8B52-648F3457F708}.Debug|Any CPU.ActiveCfg = Debug|Any CPU
		{47BE08CC-09E9-4D85-8B52-648F3457F708}.Debug|Any CPU.Build.0 = Debug|Any CPU
		{47BE08CC-09E9-4D85-8B52-648F3457F708}.Release|Any CPU.ActiveCfg = Release|Any CPU
		{47BE08CC-09E9-4D85-8B52-648F3457F708}.Release|Any CPU.Build.0 = Release|Any CPU
	EndGlobalSection
	GlobalSection(SolutionProperties) = preSolution
		HideSolutionNode = FALSE
	EndGlobalSection
	GlobalSection(ExtensibilityGlobals) = postSolution
		SolutionGuid = {AF7D46BD-6856-400B-8020-B4749672E248}
	EndGlobalSection
EndGlobal
